// !$*UTF8*$!
{
	archiveVersion = 1;
	classes = {
	};
	objectVersion = 77;
	objects = {

/* Begin PBXContainerItemProxy section */
		ADEC17AD2D84BACC00A8E214 /* PBXContainerItemProxy */ = {
			isa = PBXContainerItemProxy;
			containerPortal = ADEC178B2D84BACB00A8E214 /* Project object */;
			proxyType = 1;
			remoteGlobalIDString = ADEC17922D84BACB00A8E214;
			remoteInfo = ToMyDad;
		};
		ADEC17B72D84BACC00A8E214 /* PBXContainerItemProxy */ = {
			isa = PBXContainerItemProxy;
			containerPortal = ADEC178B2D84BACB00A8E214 /* Project object */;
			proxyType = 1;
			remoteGlobalIDString = ADEC17922D84BACB00A8E214;
			remoteInfo = ToMyDad;
		};
/* End PBXContainerItemProxy section */

/* Begin PBXFileReference section */
		ADEC17932D84BACB00A8E214 /* ToMyDad.app */ = {isa = PBXFileReference; explicitFileType = wrapper.application; includeInIndex = 0; path = ToMyDad.app; sourceTree = BUILT_PRODUCTS_DIR; };
		ADEC17AC2D84BACC00A8E214 /* ToMyDadTests.xctest */ = {isa = PBXFileReference; explicitFileType = wrapper.cfbundle; includeInIndex = 0; path = ToMyDadTests.xctest; sourceTree = BUILT_PRODUCTS_DIR; };
		ADEC17B62D84BACC00A8E214 /* ToMyDadUITests.xctest */ = {isa = PBXFileReference; explicitFileType = wrapper.cfbundle; includeInIndex = 0; path = ToMyDadUITests.xctest; sourceTree = BUILT_PRODUCTS_DIR; };
/* End PBXFileReference section */

/* Begin PBXFileSystemSynchronizedBuildFileExceptionSet section */
		ADEC17BE2D84BACC00A8E214 /* Exceptions for "ToMyDad" folder in "ToMyDad" target */ = {
			isa = PBXFileSystemSynchronizedBuildFileExceptionSet;
			membershipExceptions = (
				Info.plist,
			);
			target = ADEC17922D84BACB00A8E214 /* ToMyDad */;
		};
/* End PBXFileSystemSynchronizedBuildFileExceptionSet section */

/* Begin PBXFileSystemSynchronizedRootGroup section */
		ADEC17952D84BACB00A8E214 /* ToMyDad */ = {
			isa = PBXFileSystemSynchronizedRootGroup;
			exceptions = (
				ADEC17BE2D84BACC00A8E214 /* Exceptions for "ToMyDad" folder in "ToMyDad" target */,
			);
			path = ToMyDad;
			sourceTree = "<group>";
		};
		ADEC17AF2D84BACC00A8E214 /* ToMyDadTests */ = {
			isa = PBXFileSystemSynchronizedRootGroup;
			path = ToMyDadTests;
			sourceTree = "<group>";
		};
		ADEC17B92D84BACC00A8E214 /* ToMyDadUITests */ = {
			isa = PBXFileSystemSynchronizedRootGroup;
			path = ToMyDadUITests;
			sourceTree = "<group>";
		};
/* End PBXFileSystemSynchronizedRootGroup section */

/* Begin PBXFrameworksBuildPhase section */
		ADEC17902D84BACB00A8E214 /* Frameworks */ = {
			isa = PBXFrameworksBuildPhase;
			buildActionMask = 2147483647;
			files = (
			);
			runOnlyForDeploymentPostprocessing = 0;
		};
		ADEC17A92D84BACC00A8E214 /* Frameworks */ = {
			isa = PBXFrameworksBuildPhase;
			buildActionMask = 2147483647;
			files = (
			);
			runOnlyForDeploymentPostprocessing = 0;
		};
		ADEC17B32D84BACC00A8E214 /* Frameworks */ = {
			isa = PBXFrameworksBuildPhase;
			buildActionMask = 2147483647;
			files = (
			);
			runOnlyForDeploymentPostprocessing = 0;
		};
/* End PBXFrameworksBuildPhase section */

/* Begin PBXGroup section */
		ADEC178A2D84BACB00A8E214 = {
			isa = PBXGroup;
			children = (
				ADEC17952D84BACB00A8E214 /* ToMyDad */,
				ADEC17AF2D84BACC00A8E214 /* ToMyDadTests */,
				ADEC17B92D84BACC00A8E214 /* ToMyDadUITests */,
				ADEC17942D84BACB00A8E214 /* Products */,
			);
			sourceTree = "<group>";
		};
		ADEC17942D84BACB00A8E214 /* Products */ = {
			isa = PBXGroup;
			children = (
				ADEC17932D84BACB00A8E214 /* ToMyDad.app */,
				ADEC17AC2D84BACC00A8E214 /* ToMyDadTests.xctest */,
				ADEC17B62D84BACC00A8E214 /* ToMyDadUITests.xctest */,
			);
			name = Products;
			sourceTree = "<group>";
		};
/* End PBXGroup section */

/* Begin PBXNativeTarget section */
		ADEC17922D84BACB00A8E214 /* ToMyDad */ = {
			isa = PBXNativeTarget;
			buildConfigurationList = ADEC17BF2D84BACC00A8E214 /* Build configuration list for PBXNativeTarget "ToMyDad" */;
			buildPhases = (
				ADEC178F2D84BACB00A8E214 /* Sources */,
				ADEC17902D84BACB00A8E214 /* Frameworks */,
				ADEC17912D84BACB00A8E214 /* Resources */,
			);
			buildRules = (
			);
			dependencies = (
			);
			fileSystemSynchronizedGroups = (
				ADEC17952D84BACB00A8E214 /* ToMyDad */,
			);
			name = ToMyDad;
			packageProductDependencies = (
			);
			productName = ToMyDad;
			productReference = ADEC17932D84BACB00A8E214 /* ToMyDad.app */;
			productType = "com.apple.product-type.application";
		};
		ADEC17AB2D84BACC00A8E214 /* ToMyDadTests */ = {
			isa = PBXNativeTarget;
			buildConfigurationList = ADEC17C42D84BACC00A8E214 /* Build configuration list for PBXNativeTarget "ToMyDadTests" */;
			buildPhases = (
				ADEC17A82D84BACC00A8E214 /* Sources */,
				ADEC17A92D84BACC00A8E214 /* Frameworks */,
				ADEC17AA2D84BACC00A8E214 /* Resources */,
			);
			buildRules = (
			);
			dependencies = (
				ADEC17AE2D84BACC00A8E214 /* PBXTargetDependency */,
			);
			fileSystemSynchronizedGroups = (
				ADEC17AF2D84BACC00A8E214 /* ToMyDadTests */,
			);
			name = ToMyDadTests;
			packageProductDependencies = (
			);
			productName = ToMyDadTests;
			productReference = ADEC17AC2D84BACC00A8E214 /* ToMyDadTests.xctest */;
			productType = "com.apple.product-type.bundle.unit-test";
		};
		ADEC17B52D84BACC00A8E214 /* ToMyDadUITests */ = {
			isa = PBXNativeTarget;
			buildConfigurationList = ADEC17C72D84BACC00A8E214 /* Build configuration list for PBXNativeTarget "ToMyDadUITests" */;
			buildPhases = (
				ADEC17B22D84BACC00A8E214 /* Sources */,
				ADEC17B32D84BACC00A8E214 /* Frameworks */,
				ADEC17B42D84BACC00A8E214 /* Resources */,
			);
			buildRules = (
			);
			dependencies = (
				ADEC17B82D84BACC00A8E214 /* PBXTargetDependency */,
			);
			fileSystemSynchronizedGroups = (
				ADEC17B92D84BACC00A8E214 /* ToMyDadUITests */,
			);
			name = ToMyDadUITests;
			packageProductDependencies = (
			);
			productName = ToMyDadUITests;
			productReference = ADEC17B62D84BACC00A8E214 /* ToMyDadUITests.xctest */;
			productType = "com.apple.product-type.bundle.ui-testing";
		};
/* End PBXNativeTarget section */

/* Begin PBXProject section */
		ADEC178B2D84BACB00A8E214 /* Project object */ = {
			isa = PBXProject;
			attributes = {
				BuildIndependentTargetsInParallel = 1;
				LastSwiftUpdateCheck = 1620;
				LastUpgradeCheck = 1620;
				TargetAttributes = {
					ADEC17922D84BACB00A8E214 = {
						CreatedOnToolsVersion = 16.2;
					};
					ADEC17AB2D84BACC00A8E214 = {
						CreatedOnToolsVersion = 16.2;
						TestTargetID = ADEC17922D84BACB00A8E214;
					};
					ADEC17B52D84BACC00A8E214 = {
						CreatedOnToolsVersion = 16.2;
						TestTargetID = ADEC17922D84BACB00A8E214;
					};
				};
			};
			buildConfigurationList = ADEC178E2D84BACB00A8E214 /* Build configuration list for PBXProject "ToMyDad" */;
			developmentRegion = en;
			hasScannedForEncodings = 0;
			knownRegions = (
				en,
				Base,
			);
			mainGroup = ADEC178A2D84BACB00A8E214;
			minimizedProjectReferenceProxies = 1;
			preferredProjectObjectVersion = 77;
			productRefGroup = ADEC17942D84BACB00A8E214 /* Products */;
			projectDirPath = "";
			projectRoot = "";
			targets = (
				ADEC17922D84BACB00A8E214 /* ToMyDad */,
				ADEC17AB2D84BACC00A8E214 /* ToMyDadTests */,
				ADEC17B52D84BACC00A8E214 /* ToMyDadUITests */,
			);
		};
/* End PBXProject section */

/* Begin PBXResourcesBuildPhase section */
		ADEC17912D84BACB00A8E214 /* Resources */ = {
			isa = PBXResourcesBuildPhase;
			buildActionMask = 2147483647;
			files = (
			);
			runOnlyForDeploymentPostprocessing = 0;
		};
		ADEC17AA2D84BACC00A8E214 /* Resources */ = {
			isa = PBXResourcesBuildPhase;
			buildActionMask = 2147483647;
			files = (
			);
			runOnlyForDeploymentPostprocessing = 0;
		};
		ADEC17B42D84BACC00A8E214 /* Resources */ = {
			isa = PBXResourcesBuildPhase;
			buildActionMask = 2147483647;
			files = (
			);
			runOnlyForDeploymentPostprocessing = 0;
		};
/* End PBXResourcesBuildPhase section */

/* Begin PBXSourcesBuildPhase section */
		ADEC178F2D84BACB00A8E214 /* Sources */ = {
			isa = PBXSourcesBuildPhase;
			buildActionMask = 2147483647;
			files = (
			);
			runOnlyForDeploymentPostprocessing = 0;
		};
		ADEC17A82D84BACC00A8E214 /* Sources */ = {
			isa = PBXSourcesBuildPhase;
			buildActionMask = 2147483647;
			files = (
			);
			runOnlyForDeploymentPostprocessing = 0;
		};
		ADEC17B22D84BACC00A8E214 /* Sources */ = {
			isa = PBXSourcesBuildPhase;
			buildActionMask = 2147483647;
			files = (
			);
			runOnlyForDeploymentPostprocessing = 0;
		};
/* End PBXSourcesBuildPhase section */

/* Begin PBXTargetDependency section */
		ADEC17AE2D84BACC00A8E214 /* PBXTargetDependency */ = {
			isa = PBXTargetDependency;
			target = ADEC17922D84BACB00A8E214 /* ToMyDad */;
			targetProxy = ADEC17AD2D84BACC00A8E214 /* PBXContainerItemProxy */;
		};
		ADEC17B82D84BACC00A8E214 /* PBXTargetDependency */ = {
			isa = PBXTargetDependency;
			target = ADEC17922D84BACB00A8E214 /* ToMyDad */;
			targetProxy = ADEC17B72D84BACC00A8E214 /* PBXContainerItemProxy */;
		};
/* End PBXTargetDependency section */

/* Begin XCBuildConfiguration section */
		ADEC17C02D84BACC00A8E214 /* Debug */ = {
			isa = XCBuildConfiguration;
			buildSettings = {
				ASSETCATALOG_COMPILER_APPICON_NAME = AppIcon;
				ASSETCATALOG_COMPILER_GLOBAL_ACCENT_COLOR_NAME = AccentColor;
				CODE_SIGN_STYLE = Automatic;
				CURRENT_PROJECT_VERSION = 1;
				DEVELOPMENT_TEAM = PPAZ3UN7PA;
				GENERATE_INFOPLIST_FILE = YES;
				INFOPLIST_FILE = ToMyDad/Info.plist;
				INFOPLIST_KEY_UIApplicationSupportsIndirectInputEvents = YES;
				INFOPLIST_KEY_UILaunchStoryboardName = LaunchScreen;
				INFOPLIST_KEY_UIMainStoryboardFile = Main;
				INFOPLIST_KEY_UISupportedInterfaceOrientations_iPad = "UIInterfaceOrientationPortrait UIInterfaceOrientationPortraitUpsideDown UIInterfaceOrientationLandscapeLeft UIInterfaceOrientationLandscapeRight";
				INFOPLIST_KEY_UISupportedInterfaceOrientations_iPhone = "UIInterfaceOrientationPortrait UIInterfaceOrientationLandscapeLeft UIInterfaceOrientationLandscapeRight";
				LD_RUNPATH_SEARCH_PATHS = (
					"$(inherited)",
					"@executable_path/Frameworks",
				);
				MARKETING_VERSION = 1.0;
				PRODUCT_BUNDLE_IDENTIFIER = com.ardacakmak.ToMyDad123;
				PRODUCT_NAME = "$(TARGET_NAME)";
				SWIFT_EMIT_LOC_STRINGS = YES;
				SWIFT_VERSION = 5.0;
				TARGETED_DEVICE_FAMILY = "1,2";
			};
			name = Debug;
		};
		ADEC17C12D84BACC00A8E214 /* Release */ = {
			isa = XCBuildConfiguration;
			buildSettings = {
				ASSETCATALOG_COMPILER_APPICON_NAME = AppIcon;
				ASSETCATALOG_COMPILER_GLOBAL_ACCENT_COLOR_NAME = AccentColor;
				CODE_SIGN_STYLE = Automatic;
				CURRENT_PROJECT_VERSION = 1;
				DEVELOPMENT_TEAM = PPAZ3UN7PA;
				GENERATE_INFOPLIST_FILE = YES;
				INFOPLIST_FILE = ToMyDad/Info.plist;
				INFOPLIST_KEY_UIApplicationSupportsIndirectInputEvents = YES;
				INFOPLIST_KEY_UILaunchStoryboardName = LaunchScreen;
				INFOPLIST_KEY_UIMainStoryboardFile = Main;
				INFOPLIST_KEY_UISupportedInterfaceOrientations_iPad = "UIInterfaceOrientationPortrait UIInterfaceOrientationPortraitUpsideDown UIInterfaceOrientationLandscapeLeft UIInterfaceOrientationLandscapeRight";
				INFOPLIST_KEY_UISupportedInterfaceOrientations_iPhone = "UIInterfaceOrientationPortrait UIInterfaceOrientationLandscapeLeft UIInterfaceOrientationLandscapeRight";
				LD_RUNPATH_SEARCH_PATHS = (
					"$(inherited)",
					"@executable_path/Frameworks",
				);
				MARKETING_VERSION = 1.0;
				PRODUCT_BUNDLE_IDENTIFIER = com.ardacakmak.ToMyDad123;
				PRODUCT_NAME = "$(TARGET_NAME)";
				SWIFT_EMIT_LOC_STRINGS = YES;
				SWIFT_VERSION = 5.0;
				TARGETED_DEVICE_FAMILY = "1,2";
			};
			name = Release;
		};
		ADEC17C22D84BACC00A8E214 /* Debug */ = {
			isa = XCBuildConfiguration;
			buildSettings = {
				ALWAYS_SEARCH_USER_PATHS = NO;
				ASSETCATALOG_COMPILER_GENERATE_SWIFT_ASSET_SYMBOL_EXTENSIONS = YES;
				CLANG_ANALYZER_NONNULL = YES;
				CLANG_ANALYZER_NUMBER_OBJECT_CONVERSION = YES_AGGRESSIVE;
				CLANG_CXX_LANGUAGE_STANDARD = "gnu++20";
				CLANG_ENABLE_MODULES = YES;
				CLANG_ENABLE_OBJC_ARC = YES;
				CLANG_ENABLE_OBJC_WEAK = YES;
				CLANG_WARN_BLOCK_CAPTURE_AUTORELEASING = YES;
				CLANG_WARN_BOOL_CONVERSION = YES;
				CLANG_WARN_COMMA = YES;
				CLANG_WARN_CONSTANT_CONVERSION = YES;
				CLANG_WARN_DEPRECATED_OBJC_IMPLEMENTATIONS = YES;
				CLANG_WARN_DIRECT_OBJC_ISA_USAGE = YES_ERROR;
				CLANG_WARN_DOCUMENTATION_COMMENTS = YES;
				CLANG_WARN_EMPTY_BODY = YES;
				CLANG_WARN_ENUM_CONVERSION = YES;
				CLANG_WARN_INFINITE_RECURSION = YES;
				CLANG_WARN_INT_CONVERSION = YES;
				CLANG_WARN_NON_LITERAL_NULL_CONVERSION = YES;
				CLANG_WARN_OBJC_IMPLICIT_RETAIN_SELF = YES;
				CLANG_WARN_OBJC_LITERAL_CONVERSION = YES;
				CLANG_WARN_OBJC_ROOT_CLASS = YES_ERROR;
				CLANG_WARN_QUOTED_INCLUDE_IN_FRAMEWORK_HEADER = YES;
				CLANG_WARN_RANGE_LOOP_ANALYSIS = YES;
				CLANG_WARN_STRICT_PROTOTYPES = YES;
				CLANG_WARN_SUSPICIOUS_MOVE = YES;
				CLANG_WARN_UNGUARDED_AVAILABILITY = YES_AGGRESSIVE;
				CLANG_WARN_UNREACHABLE_CODE = YES;
				CLANG_WARN__DUPLICATE_METHOD_MATCH = YES;
				COPY_PHASE_STRIP = NO;
				DEBUG_INFORMATION_FORMAT = dwarf;
				ENABLE_STRICT_OBJC_MSGSEND = YES;
				ENABLE_TESTABILITY = YES;
				ENABLE_USER_SCRIPT_SANDBOXING = YES;
				GCC_C_LANGUAGE_STANDARD = gnu17;
				GCC_DYNAMIC_NO_PIC = NO;
				GCC_NO_COMMON_BLOCKS = YES;
				GCC_OPTIMIZATION_LEVEL = 0;
				GCC_PREPROCESSOR_DEFINITIONS = (
					"DEBUG=1",
					"$(inherited)",
				);
				GCC_WARN_64_TO_32_BIT_CONVERSION = YES;
				GCC_WARN_ABOUT_RETURN_TYPE = YES_ERROR;
				GCC_WARN_UNDECLARED_SELECTOR = YES;
				GCC_WARN_UNINITIALIZED_AUTOS = YES_AGGRESSIVE;
				GCC_WARN_UNUSED_FUNCTION = YES;
				GCC_WARN_UNUSED_VARIABLE = YES;
				IPHONEOS_DEPLOYMENT_TARGET = 18.2;
				LOCALIZATION_PREFERS_STRING_CATALOGS = YES;
				MTL_ENABLE_DEBUG_INFO = INCLUDE_SOURCE;
				MTL_FAST_MATH = YES;
				ONLY_ACTIVE_ARCH = YES;
				SDKROOT = iphoneos;
				SWIFT_ACTIVE_COMPILATION_CONDITIONS = "DEBUG $(inherited)";
				SWIFT_OPTIMIZATION_LEVEL = "-Onone";
			};
			name = Debug;
		};
		ADEC17C32D84BACC00A8E214 /* Release */ = {
			isa = XCBuildConfiguration;
			buildSettings = {
				ALWAYS_SEARCH_USER_PATHS = NO;
				ASSETCATALOG_COMPILER_GENERATE_SWIFT_ASSET_SYMBOL_EXTENSIONS = YES;
				CLANG_ANALYZER_NONNULL = YES;
				CLANG_ANALYZER_NUMBER_OBJECT_CONVERSION = YES_AGGRESSIVE;
				CLANG_CXX_LANGUAGE_STANDARD = "gnu++20";
				CLANG_ENABLE_MODULES = YES;
				CLANG_ENABLE_OBJC_ARC = YES;
				CLANG_ENABLE_OBJC_WEAK = YES;
				CLANG_WARN_BLOCK_CAPTURE_AUTORELEASING = YES;
				CLANG_WARN_BOOL_CONVERSION = YES;
				CLANG_WARN_COMMA = YES;
				CLANG_WARN_CONSTANT_CONVERSION = YES;
				CLANG_WARN_DEPRECATED_OBJC_IMPLEMENTATIONS = YES;
				CLANG_WARN_DIRECT_OBJC_ISA_USAGE = YES_ERROR;
				CLANG_WARN_DOCUMENTATION_COMMENTS = YES;
				CLANG_WARN_EMPTY_BODY = YES;
				CLANG_WARN_ENUM_CONVERSION = YES;
				CLANG_WARN_INFINITE_RECURSION = YES;
				CLANG_WARN_INT_CONVERSION = YES;
				CLANG_WARN_NON_LITERAL_NULL_CONVERSION = YES;
				CLANG_WARN_OBJC_IMPLICIT_RETAIN_SELF = YES;
				CLANG_WARN_OBJC_LITERAL_CONVERSION = YES;
				CLANG_WARN_OBJC_ROOT_CLASS = YES_ERROR;
				CLANG_WARN_QUOTED_INCLUDE_IN_FRAMEWORK_HEADER = YES;
				CLANG_WARN_RANGE_LOOP_ANALYSIS = YES;
				CLANG_WARN_STRICT_PROTOTYPES = YES;
				CLANG_WARN_SUSPICIOUS_MOVE = YES;
				CLANG_WARN_UNGUARDED_AVAILABILITY = YES_AGGRESSIVE;
				CLANG_WARN_UNREACHABLE_CODE = YES;
				CLANG_WARN__DUPLICATE_METHOD_MATCH = YES;
				COPY_PHASE_STRIP = NO;
				DEBUG_INFORMATION_FORMAT = "dwarf-with-dsym";
				ENABLE_NS_ASSERTIONS = NO;
				ENABLE_STRICT_OBJC_MSGSEND = YES;
				ENABLE_USER_SCRIPT_SANDBOXING = YES;
				GCC_C_LANGUAGE_STANDARD = gnu17;
				GCC_NO_COMMON_BLOCKS = YES;
				GCC_WARN_64_TO_32_BIT_CONVERSION = YES;
				GCC_WARN_ABOUT_RETURN_TYPE = YES_ERROR;
				GCC_WARN_UNDECLARED_SELECTOR = YES;
				GCC_WARN_UNINITIALIZED_AUTOS = YES_AGGRESSIVE;
				GCC_WARN_UNUSED_FUNCTION = YES;
				GCC_WARN_UNUSED_VARIABLE = YES;
				IPHONEOS_DEPLOYMENT_TARGET = 18.2;
				LOCALIZATION_PREFERS_STRING_CATALOGS = YES;
				MTL_ENABLE_DEBUG_INFO = NO;
				MTL_FAST_MATH = YES;
				SDKROOT = iphoneos;
				SWIFT_COMPILATION_MODE = wholemodule;
				VALIDATE_PRODUCT = YES;
			};
			name = Release;
		};
		ADEC17C52D84BACC00A8E214 /* Debug */ = {
			isa = XCBuildConfiguration;
			buildSettings = {
				BUNDLE_LOADER = "$(TEST_HOST)";
				CODE_SIGN_STYLE = Automatic;
				CURRENT_PROJECT_VERSION = 1;
				DEVELOPMENT_TEAM = PPAZ3UN7PA;
				GENERATE_INFOPLIST_FILE = YES;
				IPHONEOS_DEPLOYMENT_TARGET = 18.2;
				MARKETING_VERSION = 1.0;
				PRODUCT_BUNDLE_IDENTIFIER = com.ardacakmak.ToMyDadTests;
				PRODUCT_NAME = "$(TARGET_NAME)";
				SWIFT_EMIT_LOC_STRINGS = NO;
				SWIFT_VERSION = 5.0;
				TARGETED_DEVICE_FAMILY = "1,2";
				TEST_HOST = "$(BUILT_PRODUCTS_DIR)/ToMyDad.app/$(BUNDLE_EXECUTABLE_FOLDER_PATH)/ToMyDad";
			};
			name = Debug;
		};
		ADEC17C62D84BACC00A8E214 /* Release */ = {
			isa = XCBuildConfiguration;
			buildSettings = {
				BUNDLE_LOADER = "$(TEST_HOST)";
				CODE_SIGN_STYLE = Automatic;
				CURRENT_PROJECT_VERSION = 1;
				DEVELOPMENT_TEAM = PPAZ3UN7PA;
				GENERATE_INFOPLIST_FILE = YES;
				IPHONEOS_DEPLOYMENT_TARGET = 18.2;
				MARKETING_VERSION = 1.0;
				PRODUCT_BUNDLE_IDENTIFIER = com.ardacakmak.ToMyDadTests;
				PRODUCT_NAME = "$(TARGET_NAME)";
				SWIFT_EMIT_LOC_STRINGS = NO;
				SWIFT_VERSION = 5.0;
				TARGETED_DEVICE_FAMILY = "1,2";
				TEST_HOST = "$(BUILT_PRODUCTS_DIR)/ToMyDad.app/$(BUNDLE_EXECUTABLE_FOLDER_PATH)/ToMyDad";
			};
			name = Release;
		};
		ADEC17C82D84BACC00A8E214 /* Debug */ = {
			isa = XCBuildConfiguration;
			buildSettings = {
				CODE_SIGN_STYLE = Automatic;
				CURRENT_PROJECT_VERSION = 1;
				DEVELOPMENT_TEAM = PPAZ3UN7PA;
				GENERATE_INFOPLIST_FILE = YES;
				MARKETING_VERSION = 1.0;
				PRODUCT_BUNDLE_IDENTIFIER = com.ardacakmak.ToMyDadUITests;
				PRODUCT_NAME = "$(TARGET_NAME)";
				SWIFT_EMIT_LOC_STRINGS = NO;
				SWIFT_VERSION = 5.0;
				TARGETED_DEVICE_FAMILY = "1,2";
				TEST_TARGET_NAME = ToMyDad;
			};
			name = Debug;
		};
		ADEC17C92D84BACC00A8E214 /* Release */ = {
			isa = XCBuildConfiguration;
			buildSettings = {
				CODE_SIGN_STYLE = Automatic;
				CURRENT_PROJECT_VERSION = 1;
				DEVELOPMENT_TEAM = PPAZ3UN7PA;
				GENERATE_INFOPLIST_FILE = YES;
				MARKETING_VERSION = 1.0;
				PRODUCT_BUNDLE_IDENTIFIER = com.ardacakmak.ToMyDadUITests;
				PRODUCT_NAME = "$(TARGET_NAME)";
				SWIFT_EMIT_LOC_STRINGS = NO;
				SWIFT_VERSION = 5.0;
				TARGETED_DEVICE_FAMILY = "1,2";
				TEST_TARGET_NAME = ToMyDad;
			};
			name = Release;
		};
/* End XCBuildConfiguration section */

/* Begin XCConfigurationList section */
		ADEC178E2D84BACB00A8E214 /* Build configuration list for PBXProject "ToMyDad" */ = {
			isa = XCConfigurationList;
			buildConfigurations = (
				ADEC17C22D84BACC00A8E214 /* Debug */,
				ADEC17C32D84BACC00A8E214 /* Release */,
			);
			defaultConfigurationIsVisible = 0;
			defaultConfigurationName = Release;
		};
		ADEC17BF2D84BACC00A8E214 /* Build configuration list for PBXNativeTarget "ToMyDad" */ = {
			isa = XCConfigurationList;
			buildConfigurations = (
				ADEC17C02D84BACC00A8E214 /* Debug */,
				ADEC17C12D84BACC00A8E214 /* Release */,
			);
			defaultConfigurationIsVisible = 0;
			defaultConfigurationName = Release;
		};
		ADEC17C42D84BACC00A8E214 /* Build configuration list for PBXNativeTarget "ToMyDadTests" */ = {
			isa = XCConfigurationList;
			buildConfigurations = (
				ADEC17C52D84BACC00A8E214 /* Debug */,
				ADEC17C62D84BACC00A8E214 /* Release */,
			);
			defaultConfigurationIsVisible = 0;
			defaultConfigurationName = Release;
		};
		ADEC17C72D84BACC00A8E214 /* Build configuration list for PBXNativeTarget "ToMyDadUITests" */ = {
			isa = XCConfigurationList;
			buildConfigurations = (
				ADEC17C82D84BACC00A8E214 /* Debug */,
				ADEC17C92D84BACC00A8E214 /* Release */,
			);
			defaultConfigurationIsVisible = 0;
			defaultConfigurationName = Release;
		};
/* End XCConfigurationList section */
	};
	rootObject = ADEC178B2D84BACB00A8E214 /* Project object */;
}
